{
  "name": "VibeCoding-Hahaton",
  "lockfileVersion": 3,
  "requires": true,
  "packages": {
    "": {
      "devDependencies": {
        "@types/lodash": "^4.17.17"
      }
    },
    "node_modules/@types/lodash": {
      "version": "4.17.17",
      "resolved": "https://registry.npmjs.org/@types/lodash/-/lodash-4.17.17.tgz",
      "integrity": "sha512-RRVJ+J3J+WmyOTqnz3PiBLA501eKwXl2noseKOrNo/6+XEHjTAxO4xHvxQB6QuNm+s4WRbn6rSiap8+EA+ykFQ==",
      "dev": true,
      "license": "MIT"
    }
  }
}
